// !$*UTF8*$!
{
	archiveVersion = 1;
	classes = {
	};
	objectVersion = 55;
	objects = {

/* Begin PBXBuildFile section */
		8388DC11285041D8001A3836 /* FirstAppApp.swift in Sources */ = {isa = PBXBuildFile; fileRef = 8388DC10285041D8001A3836 /* FirstAppApp.swift */; };
		8388DC13285041D8001A3836 /* ContentView.swift in Sources */ = {isa = PBXBuildFile; fileRef = 8388DC12285041D8001A3836 /* ContentView.swift */; };
		8388DC15285041D8001A3836 /* Assets.xcassets in Resources */ = {isa = PBXBuildFile; fileRef = 8388DC14285041D8001A3836 /* Assets.xcassets */; };
		8388DC18285041D8001A3836 /* Preview Assets.xcassets in Resources */ = {isa = PBXBuildFile; fileRef = 8388DC17285041D8001A3836 /* Preview Assets.xcassets */; };
		8388DC22285041D9001A3836 /* FirstAppTests.swift in Sources */ = {isa = PBXBuildFile; fileRef = 8388DC21285041D9001A3836 /* FirstAppTests.swift */; };
		8388DC2C285041D9001A3836 /* FirstAppUITests.swift in Sources */ = {isa = PBXBuildFile; fileRef = 8388DC2B285041D9001A3836 /* FirstAppUITests.swift */; };
		8388DC2E285041D9001A3836 /* FirstAppUITestsLaunchTests.swift in Sources */ = {isa = PBXBuildFile; fileRef = 8388DC2D285041D9001A3836 /* FirstAppUITestsLaunchTests.swift */; };
		8397B68A2855DBD300DAB2DB /* DataModel.xcdatamodeld in Sources */ = {isa = PBXBuildFile; fileRef = 8397B6882855DBD300DAB2DB /* DataModel.xcdatamodeld */; };
		8397B68C2855EB8100DAB2DB /* DataController.swift in Sources */ = {isa = PBXBuildFile; fileRef = 8397B68B2855EB8100DAB2DB /* DataController.swift */; };
/* End PBXBuildFile section */

/* Begin PBXContainerItemProxy section */
		8388DC1E285041D9001A3836 /* PBXContainerItemProxy */ = {
			isa = PBXContainerItemProxy;
			containerPortal = 8388DC05285041D8001A3836 /* Project object */;
			proxyType = 1;
			remoteGlobalIDString = 8388DC0C285041D8001A3836;
			remoteInfo = FirstApp;
		};
		8388DC28285041D9001A3836 /* PBXContainerItemProxy */ = {
			isa = PBXContainerItemProxy;
			containerPortal = 8388DC05285041D8001A3836 /* Project object */;
			proxyType = 1;
			remoteGlobalIDString = 8388DC0C285041D8001A3836;
			remoteInfo = FirstApp;
		};
/* End PBXContainerItemProxy section */

/* Begin PBXFileReference section */
		8388DC0D285041D8001A3836 /* FirstApp.app */ = {isa = PBXFileReference; explicitFileType = wrapper.application; includeInIndex = 0; path = FirstApp.app; sourceTree = BUILT_PRODUCTS_DIR; };
		8388DC10285041D8001A3836 /* FirstAppApp.swift */ = {isa = PBXFileReference; lastKnownFileType = sourcecode.swift; path = FirstAppApp.swift; sourceTree = "<group>"; };
		8388DC12285041D8001A3836 /* ContentView.swift */ = {isa = PBXFileReference; lastKnownFileType = sourcecode.swift; path = ContentView.swift; sourceTree = "<group>"; };
		8388DC14285041D8001A3836 /* Assets.xcassets */ = {isa = PBXFileReference; lastKnownFileType = folder.assetcatalog; path = Assets.xcassets; sourceTree = "<group>"; };
		8388DC17285041D8001A3836 /* Preview Assets.xcassets */ = {isa = PBXFileReference; lastKnownFileType = folder.assetcatalog; path = "Preview Assets.xcassets"; sourceTree = "<group>"; };
		8388DC1D285041D9001A3836 /* FirstAppTests.xctest */ = {isa = PBXFileReference; explicitFileType = wrapper.cfbundle; includeInIndex = 0; path = FirstAppTests.xctest; sourceTree = BUILT_PRODUCTS_DIR; };
		8388DC21285041D9001A3836 /* FirstAppTests.swift */ = {isa = PBXFileReference; lastKnownFileType = sourcecode.swift; path = FirstAppTests.swift; sourceTree = "<group>"; };
		8388DC27285041D9001A3836 /* FirstAppUITests.xctest */ = {isa = PBXFileReference; explicitFileType = wrapper.cfbundle; includeInIndex = 0; path = FirstAppUITests.xctest; sourceTree = BUILT_PRODUCTS_DIR; };
		8388DC2B285041D9001A3836 /* FirstAppUITests.swift */ = {isa = PBXFileReference; lastKnownFileType = sourcecode.swift; path = FirstAppUITests.swift; sourceTree = "<group>"; };
		8388DC2D285041D9001A3836 /* FirstAppUITestsLaunchTests.swift */ = {isa = PBXFileReference; lastKnownFileType = sourcecode.swift; path = FirstAppUITestsLaunchTests.swift; sourceTree = "<group>"; };
		8397B6892855DBD300DAB2DB /* User.xcdatamodel */ = {isa = PBXFileReference; lastKnownFileType = wrapper.xcdatamodel; path = User.xcdatamodel; sourceTree = "<group>"; };
		8397B68B2855EB8100DAB2DB /* DataController.swift */ = {isa = PBXFileReference; lastKnownFileType = sourcecode.swift; path = DataController.swift; sourceTree = "<group>"; };
/* End PBXFileReference section */

/* Begin PBXFrameworksBuildPhase section */
		8388DC0A285041D8001A3836 /* Frameworks */ = {
			isa = PBXFrameworksBuildPhase;
			buildActionMask = 2147483647;
			files = (
			);
			runOnlyForDeploymentPostprocessing = 0;
		};
		8388DC1A285041D9001A3836 /* Frameworks */ = {
			isa = PBXFrameworksBuildPhase;
			buildActionMask = 2147483647;
			files = (
			);
			runOnlyForDeploymentPostprocessing = 0;
		};
		8388DC24285041D9001A3836 /* Frameworks */ = {
			isa = PBXFrameworksBuildPhase;
			buildActionMask = 2147483647;
			files = (
			);
			runOnlyForDeploymentPostprocessing = 0;
		};
/* End PBXFrameworksBuildPhase section */

/* Begin PBXGroup section */
		8388DC04285041D8001A3836 = {
			isa = PBXGroup;
			children = (
				8388DC0F285041D8001A3836 /* FirstApp */,
				8388DC20285041D9001A3836 /* FirstAppTests */,
				8388DC2A285041D9001A3836 /* FirstAppUITests */,
				8388DC0E285041D8001A3836 /* Products */,
			);
			sourceTree = "<group>";
		};
		8388DC0E285041D8001A3836 /* Products */ = {
			isa = PBXGroup;
			children = (
				8388DC0D285041D8001A3836 /* FirstApp.app */,
				8388DC1D285041D9001A3836 /* FirstAppTests.xctest */,
				8388DC27285041D9001A3836 /* FirstAppUITests.xctest */,
			);
			name = Products;
			sourceTree = "<group>";
		};
		8388DC0F285041D8001A3836 /* FirstApp */ = {
			isa = PBXGroup;
			children = (
				8388DC10285041D8001A3836 /* FirstAppApp.swift */,
				8397B6882855DBD300DAB2DB /* DataModel.xcdatamodeld */,
				8388DC12285041D8001A3836 /* ContentView.swift */,
				8388DC14285041D8001A3836 /* Assets.xcassets */,
				8388DC16285041D8001A3836 /* Preview Content */,
				8397B68B2855EB8100DAB2DB /* DataController.swift */,
			);
			path = FirstApp;
			sourceTree = "<group>";
		};
		8388DC16285041D8001A3836 /* Preview Content */ = {
			isa = PBXGroup;
			children = (
				8388DC17285041D8001A3836 /* Preview Assets.xcassets */,
			);
			path = "Preview Content";
			sourceTree = "<group>";
		};
		8388DC20285041D9001A3836 /* FirstAppTests */ = {
			isa = PBXGroup;
			children = (
				8388DC21285041D9001A3836 /* FirstAppTests.swift */,
			);
			path = FirstAppTests;
			sourceTree = "<group>";
		};
		8388DC2A285041D9001A3836 /* FirstAppUITests */ = {
			isa = PBXGroup;
			children = (
				8388DC2B285041D9001A3836 /* FirstAppUITests.swift */,
				8388DC2D285041D9001A3836 /* FirstAppUITestsLaunchTests.swift */,
			);
			path = FirstAppUITests;
			sourceTree = "<group>";
		};
/* End PBXGroup section */

/* Begin PBXNativeTarget section */
		8388DC0C285041D8001A3836 /* FirstApp */ = {
			isa = PBXNativeTarget;
			buildConfigurationList = 8388DC31285041D9001A3836 /* Build configuration list for PBXNativeTarget "FirstApp" */;
			buildPhases = (
				8388DC09285041D8001A3836 /* Sources */,
				8388DC0A285041D8001A3836 /* Frameworks */,
				8388DC0B285041D8001A3836 /* Resources */,
			);
			buildRules = (
			);
			dependencies = (
			);
			name = FirstApp;
			packageProductDependencies = (
			);
			productName = FirstApp;
			productReference = 8388DC0D285041D8001A3836 /* FirstApp.app */;
			productType = "com.apple.product-type.application";
		};
		8388DC1C285041D9001A3836 /* FirstAppTests */ = {
			isa = PBXNativeTarget;
			buildConfigurationList = 8388DC34285041D9001A3836 /* Build configuration list for PBXNativeTarget "FirstAppTests" */;
			buildPhases = (
				8388DC19285041D9001A3836 /* Sources */,
				8388DC1A285041D9001A3836 /* Frameworks */,
				8388DC1B285041D9001A3836 /* Resources */,
			);
			buildRules = (
			);
			dependencies = (
				8388DC1F285041D9001A3836 /* PBXTargetDependency */,
			);
			name = FirstAppTests;
			productName = FirstAppTests;
			productReference = 8388DC1D285041D9001A3836 /* FirstAppTests.xctest */;
			productType = "com.apple.product-type.bundle.unit-test";
		};
		8388DC26285041D9001A3836 /* FirstAppUITests */ = {
			isa = PBXNativeTarget;
			buildConfigurationList = 8388DC37285041D9001A3836 /* Build configuration list for PBXNativeTarget "FirstAppUITests" */;
			buildPhases = (
				8388DC23285041D9001A3836 /* Sources */,
				8388DC24285041D9001A3836 /* Frameworks */,
				8388DC25285041D9001A3836 /* Resources */,
			);
			buildRules = (
			);
			dependencies = (
				8388DC29285041D9001A3836 /* PBXTargetDependency */,
			);
			name = FirstAppUITests;
			productName = FirstAppUITests;
			productReference = 8388DC27285041D9001A3836 /* FirstAppUITests.xctest */;
			productType = "com.apple.product-type.bundle.ui-testing";
		};
/* End PBXNativeTarget section */

/* Begin PBXProject section */
		8388DC05285041D8001A3836 /* Project object */ = {
			isa = PBXProject;
			attributes = {
				BuildIndependentTargetsInParallel = 1;
				KnownAssetTags = (
					New,
				);
				LastSwiftUpdateCheck = 1340;
				LastUpgradeCheck = 1340;
				TargetAttributes = {
					8388DC0C285041D8001A3836 = {
						CreatedOnToolsVersion = 13.4.1;
					};
					8388DC1C285041D9001A3836 = {
						CreatedOnToolsVersion = 13.4.1;
						TestTargetID = 8388DC0C285041D8001A3836;
					};
					8388DC26285041D9001A3836 = {
						CreatedOnToolsVersion = 13.4.1;
						TestTargetID = 8388DC0C285041D8001A3836;
					};
				};
			};
			buildConfigurationList = 8388DC08285041D8001A3836 /* Build configuration list for PBXProject "FirstApp" */;
			compatibilityVersion = "Xcode 13.0";
			developmentRegion = en;
			hasScannedForEncodings = 0;
			knownRegions = (
				en,
				Base,
			);
			mainGroup = 8388DC04285041D8001A3836;
			packageReferences = (
				831A3C5A28510092000D9FD5 /* XCRemoteSwiftPackageReference "SDWebImageSwiftUI" */,
			);
			productRefGroup = 8388DC0E285041D8001A3836 /* Products */;
			projectDirPath = "";
			projectRoot = "";
			targets = (
				8388DC0C285041D8001A3836 /* FirstApp */,
				8388DC1C285041D9001A3836 /* FirstAppTests */,
				8388DC26285041D9001A3836 /* FirstAppUITests */,
			);
		};
/* End PBXProject section */

/* Begin PBXResourcesBuildPhase section */
		8388DC0B285041D8001A3836 /* Resources */ = {
			isa = PBXResourcesBuildPhase;
			buildActionMask = 2147483647;
			files = (
				8388DC18285041D8001A3836 /* Preview Assets.xcassets in Resources */,
				8388DC15285041D8001A3836 /* Assets.xcassets in Resources */,
			);
			runOnlyForDeploymentPostprocessing = 0;
		};
		8388DC1B285041D9001A3836 /* Resources */ = {
			isa = PBXResourcesBuildPhase;
			buildActionMask = 2147483647;
			files = (
			);
			runOnlyForDeploymentPostprocessing = 0;
		};
		8388DC25285041D9001A3836 /* Resources */ = {
			isa = PBXResourcesBuildPhase;
			buildActionMask = 2147483647;
			files = (
			);
			runOnlyForDeploymentPostprocessing = 0;
		};
/* End PBXResourcesBuildPhase section */

/* Begin PBXSourcesBuildPhase section */
		8388DC09285041D8001A3836 /* Sources */ = {
			isa = PBXSourcesBuildPhase;
			buildActionMask = 2147483647;
			files = (
				8397B68A2855DBD300DAB2DB /* DataModel.xcdatamodeld in Sources */,
				8397B68C2855EB8100DAB2DB /* DataController.swift in Sources */,
				8388DC13285041D8001A3836 /* ContentView.swift in Sources */,
				8388DC11285041D8001A3836 /* FirstAppApp.swift in Sources */,
			);
			runOnlyForDeploymentPostprocessing = 0;
		};
		8388DC19285041D9001A3836 /* Sources */ = {
			isa = PBXSourcesBuildPhase;
			buildActionMask = 2147483647;
			files = (
				8388DC22285041D9001A3836 /* FirstAppTests.swift in Sources */,
			);
			runOnlyForDeploymentPostprocessing = 0;
		};
		8388DC23285041D9001A3836 /* Sources */ = {
			isa = PBXSourcesBuildPhase;
			buildActionMask = 2147483647;
			files = (
				8388DC2E285041D9001A3836 /* FirstAppUITestsLaunchTests.swift in Sources */,
				8388DC2C285041D9001A3836 /* FirstAppUITests.swift in Sources */,
			);
			runOnlyForDeploymentPostprocessing = 0;
		};
/* End PBXSourcesBuildPhase section */

/* Begin PBXTargetDependency section */
		8388DC1F285041D9001A3836 /* PBXTargetDependency */ = {
			isa = PBXTargetDependency;
			target = 8388DC0C285041D8001A3836 /* FirstApp */;
			targetProxy = 8388DC1E285041D9001A3836 /* PBXContainerItemProxy */;
		};
		8388DC29285041D9001A3836 /* PBXTargetDependency */ = {
			isa = PBXTargetDependency;
			target = 8388DC0C285041D8001A3836 /* FirstApp */;
			targetProxy = 8388DC28285041D9001A3836 /* PBXContainerItemProxy */;
		};
/* End PBXTargetDependency section */

/* Begin XCBuildConfiguration section */
		8388DC2F285041D9001A3836 /* Debug */ = {
			isa = XCBuildConfiguration;
			buildSettings = {
				ALWAYS_SEARCH_USER_PATHS = NO;
				CLANG_ANALYZER_NONNULL = YES;
				CLANG_ANALYZER_NUMBER_OBJECT_CONVERSION = YES_AGGRESSIVE;
				CLANG_CXX_LANGUAGE_STANDARD = "gnu++17";
				CLANG_ENABLE_MODULES = YES;
				CLANG_ENABLE_OBJC_ARC = YES;
				CLANG_ENABLE_OBJC_WEAK = YES;
				CLANG_WARN_BLOCK_CAPTURE_AUTORELEASING = YES;
				CLANG_WARN_BOOL_CONVERSION = YES;
				CLANG_WARN_COMMA = YES;
				CLANG_WARN_CONSTANT_CONVERSION = YES;
				CLANG_WARN_DEPRECATED_OBJC_IMPLEMENTATIONS = YES;
				CLANG_WARN_DIRECT_OBJC_ISA_USAGE = YES_ERROR;
				CLANG_WARN_DOCUMENTATION_COMMENTS = YES;
				CLANG_WARN_EMPTY_BODY = YES;
				CLANG_WARN_ENUM_CONVERSION = YES;
				CLANG_WARN_INFINITE_RECURSION = YES;
				CLANG_WARN_INT_CONVERSION = YES;
				CLANG_WARN_NON_LITERAL_NULL_CONVERSION = YES;
				CLANG_WARN_OBJC_IMPLICIT_RETAIN_SELF = YES;
				CLANG_WARN_OBJC_LITERAL_CONVERSION = YES;
				CLANG_WARN_OBJC_ROOT_CLASS = YES_ERROR;
				CLANG_WARN_QUOTED_INCLUDE_IN_FRAMEWORK_HEADER = YES;
				CLANG_WARN_RANGE_LOOP_ANALYSIS = YES;
				CLANG_WARN_STRICT_PROTOTYPES = YES;
				CLANG_WARN_SUSPICIOUS_MOVE = YES;
				CLANG_WARN_UNGUARDED_AVAILABILITY = YES_AGGRESSIVE;
				CLANG_WARN_UNREACHABLE_CODE = YES;
				CLANG_WARN__DUPLICATE_METHOD_MATCH = YES;
				COPY_PHASE_STRIP = NO;
				DEBUG_INFORMATION_FORMAT = dwarf;
				ENABLE_STRICT_OBJC_MSGSEND = YES;
				ENABLE_TESTABILITY = YES;
				GCC_C_LANGUAGE_STANDARD = gnu11;
				GCC_DYNAMIC_NO_PIC = NO;
				GCC_NO_COMMON_BLOCKS = YES;
				GCC_OPTIMIZATION_LEVEL = 0;
				GCC_PREPROCESSOR_DEFINITIONS = (
					"DEBUG=1",
					"$(inherited)",
				);
				GCC_WARN_64_TO_32_BIT_CONVERSION = YES;
				GCC_WARN_ABOUT_RETURN_TYPE = YES_ERROR;
				GCC_WARN_UNDECLARED_SELECTOR = YES;
				GCC_WARN_UNINITIALIZED_AUTOS = YES_AGGRESSIVE;
				GCC_WARN_UNUSED_FUNCTION = YES;
				GCC_WARN_UNUSED_VARIABLE = YES;
				IPHONEOS_DEPLOYMENT_TARGET = 15.5;
				MTL_ENABLE_DEBUG_INFO = INCLUDE_SOURCE;
				MTL_FAST_MATH = YES;
				ONLY_ACTIVE_ARCH = YES;
				SDKROOT = iphoneos;
				SWIFT_ACTIVE_COMPILATION_CONDITIONS = DEBUG;
				SWIFT_OPTIMIZATION_LEVEL = "-Onone";
			};
			name = Debug;
		};
		8388DC30285041D9001A3836 /* Release */ = {
			isa = XCBuildConfiguration;
			buildSettings = {
				ALWAYS_SEARCH_USER_PATHS = NO;
				CLANG_ANALYZER_NONNULL = YES;
				CLANG_ANALYZER_NUMBER_OBJECT_CONVERSION = YES_AGGRESSIVE;
				CLANG_CXX_LANGUAGE_STANDARD = "gnu++17";
				CLANG_ENABLE_MODULES = YES;
				CLANG_ENABLE_OBJC_ARC = YES;
				CLANG_ENABLE_OBJC_WEAK = YES;
				CLANG_WARN_BLOCK_CAPTURE_AUTORELEASING = YES;
				CLANG_WARN_BOOL_CONVERSION = YES;
				CLANG_WARN_COMMA = YES;
				CLANG_WARN_CONSTANT_CONVERSION = YES;
				CLANG_WARN_DEPRECATED_OBJC_IMPLEMENTATIONS = YES;
				CLANG_WARN_DIRECT_OBJC_ISA_USAGE = YES_ERROR;
				CLANG_WARN_DOCUMENTATION_COMMENTS = YES;
				CLANG_WARN_EMPTY_BODY = YES;
				CLANG_WARN_ENUM_CONVERSION = YES;
				CLANG_WARN_INFINITE_RECURSION = YES;
				CLANG_WARN_INT_CONVERSION = YES;
				CLANG_WARN_NON_LITERAL_NULL_CONVERSION = YES;
				CLANG_WARN_OBJC_IMPLICIT_RETAIN_SELF = YES;
				CLANG_WARN_OBJC_LITERAL_CONVERSION = YES;
				CLANG_WARN_OBJC_ROOT_CLASS = YES_ERROR;
				CLANG_WARN_QUOTED_INCLUDE_IN_FRAMEWORK_HEADER = YES;
				CLANG_WARN_RANGE_LOOP_ANALYSIS = YES;
				CLANG_WARN_STRICT_PROTOTYPES = YES;
				CLANG_WARN_SUSPICIOUS_MOVE = YES;
				CLANG_WARN_UNGUARDED_AVAILABILITY = YES_AGGRESSIVE;
				CLANG_WARN_UNREACHABLE_CODE = YES;
				CLANG_WARN__DUPLICATE_METHOD_MATCH = YES;
				COPY_PHASE_STRIP = NO;
				DEBUG_INFORMATION_FORMAT = "dwarf-with-dsym";
				ENABLE_NS_ASSERTIONS = NO;
				ENABLE_STRICT_OBJC_MSGSEND = YES;
				GCC_C_LANGUAGE_STANDARD = gnu11;
				GCC_NO_COMMON_BLOCKS = YES;
				GCC_WARN_64_TO_32_BIT_CONVERSION = YES;
				GCC_WARN_ABOUT_RETURN_TYPE = YES_ERROR;
				GCC_WARN_UNDECLARED_SELECTOR = YES;
				GCC_WARN_UNINITIALIZED_AUTOS = YES_AGGRESSIVE;
				GCC_WARN_UNUSED_FUNCTION = YES;
				GCC_WARN_UNUSED_VARIABLE = YES;
				IPHONEOS_DEPLOYMENT_TARGET = 15.5;
				MTL_ENABLE_DEBUG_INFO = NO;
				MTL_FAST_MATH = YES;
				SDKROOT = iphoneos;
				SWIFT_COMPILATION_MODE = wholemodule;
				SWIFT_OPTIMIZATION_LEVEL = "-O";
				VALIDATE_PRODUCT = YES;
			};
			name = Release;
		};
		8388DC32285041D9001A3836 /* Debug */ = {
			isa = XCBuildConfiguration;
			buildSettings = {
				ASSETCATALOG_COMPILER_APPICON_NAME = AppIcon;
				ASSETCATALOG_COMPILER_GLOBAL_ACCENT_COLOR_NAME = AccentColor;
				CODE_SIGN_STYLE = Automatic;
				CURRENT_PROJECT_VERSION = 1;
				DEVELOPMENT_ASSET_PATHS = "\"FirstApp/Preview Content\"";
				DEVELOPMENT_TEAM = MWA5ATM4HR;
				ENABLE_PREVIEWS = YES;
				GENERATE_INFOPLIST_FILE = YES;
				INFOPLIST_KEY_UIApplicationSceneManifest_Generation = YES;
				INFOPLIST_KEY_UIApplicationSupportsIndirectInputEvents = YES;
				INFOPLIST_KEY_UILaunchScreen_Generation = YES;
				INFOPLIST_KEY_UISupportedInterfaceOrientations = UIInterfaceOrientationPortrait;
				INFOPLIST_KEY_UISupportedInterfaceOrientations_iPad = UIInterfaceOrientationPortrait;
				INFOPLIST_KEY_UISupportedInterfaceOrientations_iPhone = UIInterfaceOrientationPortrait;
				IPHONEOS_DEPLOYMENT_TARGET = 15.5;
				LD_RUNPATH_SEARCH_PATHS = (
					"$(inherited)",
					"@executable_path/Frameworks",
				);
				MARKETING_VERSION = 1.0;
				PRODUCT_BUNDLE_IDENTIFIER = com.alexudrea.FirstApp;
				PRODUCT_NAME = "$(TARGET_NAME)";
				SWIFT_EMIT_LOC_STRINGS = YES;
				SWIFT_VERSION = 5.0;
				TARGETED_DEVICE_FAMILY = "1,2";
			};
			name = Debug;
		};
		8388DC33285041D9001A3836 /* Release */ = {
			isa = XCBuildConfiguration;
			buildSettings = {
				ASSETCATALOG_COMPILER_APPICON_NAME = AppIcon;
				ASSETCATALOG_COMPILER_GLOBAL_ACCENT_COLOR_NAME = AccentColor;
				CODE_SIGN_STYLE = Automatic;
				CURRENT_PROJECT_VERSION = 1;
				DEVELOPMENT_ASSET_PATHS = "\"FirstApp/Preview Content\"";
				DEVELOPMENT_TEAM = MWA5ATM4HR;
				ENABLE_PREVIEWS = YES;
				GENERATE_INFOPLIST_FILE = YES;
				INFOPLIST_KEY_UIApplicationSceneManifest_Generation = YES;
				INFOPLIST_KEY_UIApplicationSupportsIndirectInputEvents = YES;
				INFOPLIST_KEY_UILaunchScreen_Generation = YES;
				INFOPLIST_KEY_UISupportedInterfaceOrientations = UIInterfaceOrientationPortrait;
				INFOPLIST_KEY_UISupportedInterfaceOrientations_iPad = UIInterfaceOrientationPortrait;
				INFOPLIST_KEY_UISupportedInterfaceOrientations_iPhone = UIInterfaceOrientationPortrait;
				IPHONEOS_DEPLOYMENT_TARGET = 15.5;
				LD_RUNPATH_SEARCH_PATHS = (
					"$(inherited)",
					"@executable_path/Frameworks",
				);
				MARKETING_VERSION = 1.0;
				PRODUCT_BUNDLE_IDENTIFIER = com.alexudrea.FirstApp;
				PRODUCT_NAME = "$(TARGET_NAME)";
				SWIFT_EMIT_LOC_STRINGS = YES;
				SWIFT_VERSION = 5.0;
				TARGETED_DEVICE_FAMILY = "1,2";
			};
			name = Release;
		};
		8388DC35285041D9001A3836 /* Debug */ = {
			isa = XCBuildConfiguration;
			buildSettings = {
				ALWAYS_EMBED_SWIFT_STANDARD_LIBRARIES = YES;
				BUNDLE_LOADER = "$(TEST_HOST)";
				CODE_SIGN_STYLE = Automatic;
				CURRENT_PROJECT_VERSION = 1;
				DEVELOPMENT_TEAM = MWA5ATM4HR;
				GENERATE_INFOPLIST_FILE = YES;
				IPHONEOS_DEPLOYMENT_TARGET = 15.5;
				MARKETING_VERSION = 1.0;
				PRODUCT_BUNDLE_IDENTIFIER = com.FirstAppTests;
				PRODUCT_NAME = "$(TARGET_NAME)";
				SWIFT_EMIT_LOC_STRINGS = NO;
				SWIFT_VERSION = 5.0;
				TARGETED_DEVICE_FAMILY = "1,2";
				TEST_HOST = "$(BUILT_PRODUCTS_DIR)/FirstApp.app/FirstApp";
			};
			name = Debug;
		};
		8388DC36285041D9001A3836 /* Release */ = {
			isa = XCBuildConfiguration;
			buildSettings = {
				ALWAYS_EMBED_SWIFT_STANDARD_LIBRARIES = YES;
				BUNDLE_LOADER = "$(TEST_HOST)";
				CODE_SIGN_STYLE = Automatic;
				CURRENT_PROJECT_VERSION = 1;
				DEVELOPMENT_TEAM = MWA5ATM4HR;
				GENERATE_INFOPLIST_FILE = YES;
				IPHONEOS_DEPLOYMENT_TARGET = 15.5;
				MARKETING_VERSION = 1.0;
				PRODUCT_BUNDLE_IDENTIFIER = com.FirstAppTests;
				PRODUCT_NAME = "$(TARGET_NAME)";
				SWIFT_EMIT_LOC_STRINGS = NO;
				SWIFT_VERSION = 5.0;
				TARGETED_DEVICE_FAMILY = "1,2";
				TEST_HOST = "$(BUILT_PRODUCTS_DIR)/FirstApp.app/FirstApp";
			};
			name = Release;
		};
		8388DC38285041D9001A3836 /* Debug */ = {
			isa = XCBuildConfiguration;
			buildSettings = {
				ALWAYS_EMBED_SWIFT_STANDARD_LIBRARIES = YES;
				CODE_SIGN_STYLE = Automatic;
				CURRENT_PROJECT_VERSION = 1;
				DEVELOPMENT_TEAM = MWA5ATM4HR;
				GENERATE_INFOPLIST_FILE = YES;
				MARKETING_VERSION = 1.0;
				PRODUCT_BUNDLE_IDENTIFIER = com.FirstAppUITests;
				PRODUCT_NAME = "$(TARGET_NAME)";
				SWIFT_EMIT_LOC_STRINGS = NO;
				SWIFT_VERSION = 5.0;
				TARGETED_DEVICE_FAMILY = "1,2";
				TEST_TARGET_NAME = FirstApp;
			};
			name = Debug;
		};
		8388DC39285041D9001A3836 /* Release */ = {
			isa = XCBuildConfiguration;
			buildSettings = {
				ALWAYS_EMBED_SWIFT_STANDARD_LIBRARIES = YES;
				CODE_SIGN_STYLE = Automatic;
				CURRENT_PROJECT_VERSION = 1;
				DEVELOPMENT_TEAM = MWA5ATM4HR;
				GENERATE_INFOPLIST_FILE = YES;
				MARKETING_VERSION = 1.0;
				PRODUCT_BUNDLE_IDENTIFIER = com.FirstAppUITests;
				PRODUCT_NAME = "$(TARGET_NAME)";
				SWIFT_EMIT_LOC_STRINGS = NO;
				SWIFT_VERSION = 5.0;
				TARGETED_DEVICE_FAMILY = "1,2";
				TEST_TARGET_NAME = FirstApp;
			};
			name = Release;
		};
/* End XCBuildConfiguration section */

/* Begin XCConfigurationList section */
		8388DC08285041D8001A3836 /* Build configuration list for PBXProject "FirstApp" */ = {
			isa = XCConfigurationList;
			buildConfigurations = (
				8388DC2F285041D9001A3836 /* Debug */,
				8388DC30285041D9001A3836 /* Release */,
			);
			defaultConfigurationIsVisible = 0;
			defaultConfigurationName = Release;
		};
		8388DC31285041D9001A3836 /* Build configuration list for PBXNativeTarget "FirstApp" */ = {
			isa = XCConfigurationList;
			buildConfigurations = (
				8388DC32285041D9001A3836 /* Debug */,
				8388DC33285041D9001A3836 /* Release */,
			);
			defaultConfigurationIsVisible = 0;
			defaultConfigurationName = Release;
		};
		8388DC34285041D9001A3836 /* Build configuration list for PBXNativeTarget "FirstAppTests" */ = {
			isa = XCConfigurationList;
			buildConfigurations = (
				8388DC35285041D9001A3836 /* Debug */,
				8388DC36285041D9001A3836 /* Release */,
			);
			defaultConfigurationIsVisible = 0;
			defaultConfigurationName = Release;
		};
		8388DC37285041D9001A3836 /* Build configuration list for PBXNativeTarget "FirstAppUITests" */ = {
			isa = XCConfigurationList;
			buildConfigurations = (
				8388DC38285041D9001A3836 /* Debug */,
				8388DC39285041D9001A3836 /* Release */,
			);
			defaultConfigurationIsVisible = 0;
			defaultConfigurationName = Release;
		};
/* End XCConfigurationList section */

/* Begin XCRemoteSwiftPackageReference section */
		831A3C5A28510092000D9FD5 /* XCRemoteSwiftPackageReference "SDWebImageSwiftUI" */ = {
			isa = XCRemoteSwiftPackageReference;
			repositoryURL = "https://github.com/SDWebImage/SDWebImageSwiftUI";
			requirement = {
				kind = upToNextMajorVersion;
				minimumVersion = 2.0.0;
			};
		};
/* End XCRemoteSwiftPackageReference section */

/* Begin XCVersionGroup section */
		8397B6882855DBD300DAB2DB /* DataModel.xcdatamodeld */ = {
			isa = XCVersionGroup;
			children = (
				8397B6892855DBD300DAB2DB /* User.xcdatamodel */,
			);
			currentVersion = 8397B6892855DBD300DAB2DB /* User.xcdatamodel */;
			path = DataModel.xcdatamodeld;
			sourceTree = "<group>";
			versionGroupType = wrapper.xcdatamodel;
		};
/* End XCVersionGroup section */
	};
	rootObject = 8388DC05285041D8001A3836 /* Project object */;
}
